
Microsoft Visual Studio Solution File, Format Version 12.00
# Visual Studio 15
VisualStudioVersion = 15.0.28307.421
MinimumVisualStudioVersion = 10.0.40219.1
Project("{FAE04EC0-301F-11D3-BF4B-00C04F79EFBC}") = "Chicken.Web", "Chicken.Web\Chicken.Web.csproj", "{67485B37-2E7C-4068-AF4F-AF3DD88C16F1}"
EndProject
Global
	GlobalSection(SolutionConfigurationPlatforms) = preSolution
		Debug|Any CPU = Debug|Any CPU
		Release|Any CPU = Release|Any CPU
	EndGlobalSection
	GlobalSection(ProjectConfigurationPlatforms) = postSolution
		{67485B37-2E7C-4068-AF4F-AF3DD88C16F1}.Debug|Any CPU.ActiveCfg = Debug|Any CPU
		{67485B37-2E7C-4068-AF4F-AF3DD88C16F1}.Debug|Any CPU.Build.0 = Debug|Any CPU
		{67485B37-2E7C-4068-AF4F-AF3DD88C16F1}.Release|Any CPU.ActiveCfg = Release|Any CPU
		{67485B37-2E7C-4068-AF4F-AF3DD88C16F1}.Release|Any CPU.Build.0 = Release|Any CPU
	EndGlobalSection
	GlobalSection(SolutionProperties) = preSolution
		HideSolutionNode = FALSE
	EndGlobalSection
	GlobalSection(ExtensibilityGlobals) = postSolution
		SolutionGuid = {74B362C1-FF28-4B7B-9D84-E4E483E374D2}
	EndGlobalSection
EndGlobal
